
Microsoft Visual Studio Solution File, Format Version 12.00
# Visual Studio Version 17
VisualStudioVersion = 17.11.35312.102
MinimumVisualStudioVersion = 10.0.40219.1
Project("{8BC9CEB8-8B4A-11D0-8D11-00A0C91BC942}") = "6.19", "6.19\6.19.vcxproj", "{ECCBAF57-515D-42FA-BF15-0775AE9A5BBA}"
EndProject
Global
	GlobalSection(SolutionConfigurationPlatforms) = preSolution
		Debug|x64 = Debug|x64
		Debug|x86 = Debug|x86
		Release|x64 = Release|x64
		Release|x86 = Release|x86
	EndGlobalSection
	GlobalSection(ProjectConfigurationPlatforms) = postSolution
		{ECCBAF57-515D-42FA-BF15-0775AE9A5BBA}.Debug|x64.ActiveCfg = Debug|x64
		{ECCBAF57-515D-42FA-BF15-0775AE9A5BBA}.Debug|x64.Build.0 = Debug|x64
		{ECCBAF57-515D-42FA-BF15-0775AE9A5BBA}.Debug|x86.ActiveCfg = Debug|Win32
		{ECCBAF57-515D-42FA-BF15-0775AE9A5BBA}.Debug|x86.Build.0 = Debug|Win32
		{ECCBAF57-515D-42FA-BF15-0775AE9A5BBA}.Release|x64.ActiveCfg = Release|x64
		{ECCBAF57-515D-42FA-BF15-0775AE9A5BBA}.Release|x64.Build.0 = Release|x64
		{ECCBAF57-515D-42FA-BF15-0775AE9A5BBA}.Release|x86.ActiveCfg = Release|Win32
		{ECCBAF57-515D-42FA-BF15-0775AE9A5BBA}.Release|x86.Build.0 = Release|Win32
	EndGlobalSection
	GlobalSection(SolutionProperties) = preSolution
		HideSolutionNode = FALSE
	EndGlobalSection
	GlobalSection(ExtensibilityGlobals) = postSolution
		SolutionGuid = {C1761D4E-1C68-4ACA-9906-A1CB470428A6}
	EndGlobalSection
EndGlobal
